
Microsoft Visual Studio Solution File, Format Version 12.00
Project("{FAE04EC0-301F-11D3-BF4B-00C04F79EFBC}") = "TrunkSearch", "TrunkSearch\TrunkSearch.csproj", "{E1B34353-CAAC-49CF-8DC7-23471A53E204}"
EndProject
Global
	GlobalSection(SolutionConfigurationPlatforms) = preSolution
		Debug|Any CPU = Debug|Any CPU
		Release|Any CPU = Release|Any CPU
	EndGlobalSection
	GlobalSection(ProjectConfigurationPlatforms) = postSolution
		{E1B34353-CAAC-49CF-8DC7-23471A53E204}.Debug|Any CPU.ActiveCfg = Debug|Any CPU
		{E1B34353-CAAC-49CF-8DC7-23471A53E204}.Debug|Any CPU.Build.0 = Debug|Any CPU
		{E1B34353-CAAC-49CF-8DC7-23471A53E204}.Release|Any CPU.ActiveCfg = Release|Any CPU
		{E1B34353-CAAC-49CF-8DC7-23471A53E204}.Release|Any CPU.Build.0 = Release|Any CPU
	EndGlobalSection
EndGlobal
